
Microsoft Visual Studio Solution File, Format Version 12.00
# Visual Studio Version 16
VisualStudioVersion = 16.0.31019.35
MinimumVisualStudioVersion = 10.0.40219.1
Project("{888888A0-9F3D-457C-B088-3A5042F75D52}") = "U_NET", "U_NET\U_NET.pyproj", "{B5172AE1-9BAC-43CA-9583-A022C8711F11}"
EndProject
Global
	GlobalSection(SolutionConfigurationPlatforms) = preSolution
		Debug|Any CPU = Debug|Any CPU
		Release|Any CPU = Release|Any CPU
	EndGlobalSection
	GlobalSection(ProjectConfigurationPlatforms) = postSolution
		{B5172AE1-9BAC-43CA-9583-A022C8711F11}.Debug|Any CPU.ActiveCfg = Debug|Any CPU
		{B5172AE1-9BAC-43CA-9583-A022C8711F11}.Release|Any CPU.ActiveCfg = Release|Any CPU
	EndGlobalSection
	GlobalSection(SolutionProperties) = preSolution
		HideSolutionNode = FALSE
	EndGlobalSection
	GlobalSection(ExtensibilityGlobals) = postSolution
		SolutionGuid = {1E684398-13D6-4492-8AA7-67340313E55D}
	EndGlobalSection
EndGlobal
