
Microsoft Visual Studio Solution File, Format Version 12.00
# Visual Studio Version 16
VisualStudioVersion = 16.0.32002.261
MinimumVisualStudioVersion = 10.0.40219.1
Project("{888888A0-9F3D-457C-B088-3A5042F75D52}") = "Logistic_Regression_Optimizers", "Logistic_Regression_Optimizers\Logistic_Regression_Optimizers.pyproj", "{B2B18A0A-231A-4452-A54D-097F977D77E7}"
EndProject
Global
	GlobalSection(SolutionConfigurationPlatforms) = preSolution
		Debug|Any CPU = Debug|Any CPU
		Release|Any CPU = Release|Any CPU
	EndGlobalSection
	GlobalSection(ProjectConfigurationPlatforms) = postSolution
		{B2B18A0A-231A-4452-A54D-097F977D77E7}.Debug|Any CPU.ActiveCfg = Debug|Any CPU
		{B2B18A0A-231A-4452-A54D-097F977D77E7}.Release|Any CPU.ActiveCfg = Release|Any CPU
	EndGlobalSection
	GlobalSection(SolutionProperties) = preSolution
		HideSolutionNode = FALSE
	EndGlobalSection
	GlobalSection(ExtensibilityGlobals) = postSolution
		SolutionGuid = {6EFB4C33-CE13-42CB-AC8A-5A106640A593}
	EndGlobalSection
EndGlobal
