
Microsoft Visual Studio Solution File, Format Version 12.00
# Visual Studio Version 16
VisualStudioVersion = 16.0.32002.261
MinimumVisualStudioVersion = 10.0.40219.1
Project("{888888A0-9F3D-457C-B088-3A5042F75D52}") = "Linear_Regression_Manual", "Linear_Regression_Manual\Linear_Regression_Manual.pyproj", "{5E7A352D-26FA-4F42-BA10-949766EC96A4}"
EndProject
Global
	GlobalSection(SolutionConfigurationPlatforms) = preSolution
		Debug|Any CPU = Debug|Any CPU
		Release|Any CPU = Release|Any CPU
	EndGlobalSection
	GlobalSection(ProjectConfigurationPlatforms) = postSolution
		{5E7A352D-26FA-4F42-BA10-949766EC96A4}.Debug|Any CPU.ActiveCfg = Debug|Any CPU
		{5E7A352D-26FA-4F42-BA10-949766EC96A4}.Release|Any CPU.ActiveCfg = Release|Any CPU
	EndGlobalSection
	GlobalSection(SolutionProperties) = preSolution
		HideSolutionNode = FALSE
	EndGlobalSection
	GlobalSection(ExtensibilityGlobals) = postSolution
		SolutionGuid = {176ED43D-0C33-4598-AB40-78D654047CE5}
	EndGlobalSection
EndGlobal
