
Microsoft Visual Studio Solution File, Format Version 12.00
# Visual Studio Version 16
VisualStudioVersion = 16.0.32002.261
MinimumVisualStudioVersion = 10.0.40219.1
Project("{888888A0-9F3D-457C-B088-3A5042F75D52}") = "Regularization", "Regularization\Regularization.pyproj", "{970EBB42-FB29-4DDF-B449-93C7E913D8CC}"
EndProject
Global
	GlobalSection(SolutionConfigurationPlatforms) = preSolution
		Debug|Any CPU = Debug|Any CPU
		Release|Any CPU = Release|Any CPU
	EndGlobalSection
	GlobalSection(ProjectConfigurationPlatforms) = postSolution
		{970EBB42-FB29-4DDF-B449-93C7E913D8CC}.Debug|Any CPU.ActiveCfg = Debug|Any CPU
		{970EBB42-FB29-4DDF-B449-93C7E913D8CC}.Release|Any CPU.ActiveCfg = Release|Any CPU
	EndGlobalSection
	GlobalSection(SolutionProperties) = preSolution
		HideSolutionNode = FALSE
	EndGlobalSection
	GlobalSection(ExtensibilityGlobals) = postSolution
		SolutionGuid = {31D1C417-792F-4852-B4E8-886582054AE5}
	EndGlobalSection
EndGlobal
