
Microsoft Visual Studio Solution File, Format Version 12.00
# Visual Studio Version 16
VisualStudioVersion = 16.0.31105.61
MinimumVisualStudioVersion = 10.0.40219.1
Project("{888888A0-9F3D-457C-B088-3A5042F75D52}") = "Image_Downscaling", "Image_Downscaling\Image_Downscaling.pyproj", "{23E40052-97C5-4FA4-8788-C6762E469FC1}"
EndProject
Global
	GlobalSection(SolutionConfigurationPlatforms) = preSolution
		Debug|Any CPU = Debug|Any CPU
		Release|Any CPU = Release|Any CPU
	EndGlobalSection
	GlobalSection(ProjectConfigurationPlatforms) = postSolution
		{23E40052-97C5-4FA4-8788-C6762E469FC1}.Debug|Any CPU.ActiveCfg = Debug|Any CPU
		{23E40052-97C5-4FA4-8788-C6762E469FC1}.Release|Any CPU.ActiveCfg = Release|Any CPU
	EndGlobalSection
	GlobalSection(SolutionProperties) = preSolution
		HideSolutionNode = FALSE
	EndGlobalSection
	GlobalSection(ExtensibilityGlobals) = postSolution
		SolutionGuid = {2F306E85-E2C1-4A2E-92F4-5148B822E448}
	EndGlobalSection
EndGlobal
